
Microsoft Visual Studio Solution File, Format Version 12.00
# Visual Studio Version 17
VisualStudioVersion = 17.10.35122.118
MinimumVisualStudioVersion = 10.0.40219.1
Project("{9A19103F-16F7-4668-BE54-9A1E7A4F7556}") = "Demo", "Demo\Demo.csproj", "{AC739693-5B32-4D57-A86F-9E6370A11B26}"
EndProject
Project("{FAE04EC0-301F-11D3-BF4B-00C04F79EFBC}") = "Assigment", "Assigment\Assigment.csproj", "{A4D937D1-7DE6-482A-9E2E-FE705D1E52CA}"
EndProject
Global
	GlobalSection(SolutionConfigurationPlatforms) = preSolution
		Debug|Any CPU = Debug|Any CPU
		Release|Any CPU = Release|Any CPU
	EndGlobalSection
	GlobalSection(ProjectConfigurationPlatforms) = postSolution
		{AC739693-5B32-4D57-A86F-9E6370A11B26}.Debug|Any CPU.ActiveCfg = Debug|Any CPU
		{AC739693-5B32-4D57-A86F-9E6370A11B26}.Debug|Any CPU.Build.0 = Debug|Any CPU
		{AC739693-5B32-4D57-A86F-9E6370A11B26}.Release|Any CPU.ActiveCfg = Release|Any CPU
		{AC739693-5B32-4D57-A86F-9E6370A11B26}.Release|Any CPU.Build.0 = Release|Any CPU
		{A4D937D1-7DE6-482A-9E2E-FE705D1E52CA}.Debug|Any CPU.ActiveCfg = Debug|Any CPU
		{A4D937D1-7DE6-482A-9E2E-FE705D1E52CA}.Debug|Any CPU.Build.0 = Debug|Any CPU
		{A4D937D1-7DE6-482A-9E2E-FE705D1E52CA}.Release|Any CPU.ActiveCfg = Release|Any CPU
		{A4D937D1-7DE6-482A-9E2E-FE705D1E52CA}.Release|Any CPU.Build.0 = Release|Any CPU
	EndGlobalSection
	GlobalSection(SolutionProperties) = preSolution
		HideSolutionNode = FALSE
	EndGlobalSection
	GlobalSection(ExtensibilityGlobals) = postSolution
		SolutionGuid = {51B9F5DC-69C8-40FF-920A-B5006BA1D98E}
	EndGlobalSection
EndGlobal
